
Microsoft Visual Studio Solution File, Format Version 12.00
# Visual Studio Version 17
VisualStudioVersion = 17.14.36327.8 d17.14
MinimumVisualStudioVersion = 10.0.40219.1
Project("{FAE04EC0-301F-11D3-BF4B-00C04F79EFBC}") = "Lucrarea1PSSC", "Lucrarea1PSSC\Lucrarea1PSSC.csproj", "{0094A525-C997-4C0C-A3DC-B9446558DF0D}"
EndProject
Global
	GlobalSection(SolutionConfigurationPlatforms) = preSolution
		Debug|Any CPU = Debug|Any CPU
		Release|Any CPU = Release|Any CPU
	EndGlobalSection
	GlobalSection(ProjectConfigurationPlatforms) = postSolution
		{0094A525-C997-4C0C-A3DC-B9446558DF0D}.Debug|Any CPU.ActiveCfg = Debug|Any CPU
		{0094A525-C997-4C0C-A3DC-B9446558DF0D}.Debug|Any CPU.Build.0 = Debug|Any CPU
		{0094A525-C997-4C0C-A3DC-B9446558DF0D}.Release|Any CPU.ActiveCfg = Release|Any CPU
		{0094A525-C997-4C0C-A3DC-B9446558DF0D}.Release|Any CPU.Build.0 = Release|Any CPU
	EndGlobalSection
	GlobalSection(SolutionProperties) = preSolution
		HideSolutionNode = FALSE
	EndGlobalSection
	GlobalSection(ExtensibilityGlobals) = postSolution
		SolutionGuid = {83E50E9D-0199-40E2-B57A-33DF3A8F2956}
	EndGlobalSection
EndGlobal
